// !$*UTF8*$!
{
	archiveVersion = 1;
	classes = {
	};
	objectVersion = 56;
	objects = {

/* Begin PBXBuildFile section */
		789296A92989C96A0053CE02 /* DetailShopViewController.swift in Sources */ = {isa = PBXBuildFile; fileRef = 789296A82989C96A0053CE02 /* DetailShopViewController.swift */; };
		7895825E298BF33A00E12A54 /* Structs.swift in Sources */ = {isa = PBXBuildFile; fileRef = 7895825D298BF33A00E12A54 /* Structs.swift */; };
		78958260298BF34E00E12A54 /* Enums.swift in Sources */ = {isa = PBXBuildFile; fileRef = 7895825F298BF34E00E12A54 /* Enums.swift */; };
		78958262298EF8F400E12A54 /* Var's.swift in Sources */ = {isa = PBXBuildFile; fileRef = 78958261298EF8F400E12A54 /* Var's.swift */; };
		78958269298F091000E12A54 /* Sounds.swift in Sources */ = {isa = PBXBuildFile; fileRef = 78958268298F091000E12A54 /* Sounds.swift */; };
		7895826B298F0A1F00E12A54 /* flip.mp3 in Resources */ = {isa = PBXBuildFile; fileRef = 7895826A298F0A1F00E12A54 /* flip.mp3 */; };
		78958271298F0DA200E12A54 /* match.mp3 in Resources */ = {isa = PBXBuildFile; fileRef = 78958270298F0DA200E12A54 /* match.mp3 */; };
		78958273298F114D00E12A54 /* menu.mp3 in Resources */ = {isa = PBXBuildFile; fileRef = 78958272298F114D00E12A54 /* menu.mp3 */; };
		78958275298F11F600E12A54 /* error.mp3 in Resources */ = {isa = PBXBuildFile; fileRef = 78958274298F11F600E12A54 /* error.mp3 */; };
		78958278298F376900E12A54 /* Arrays.swift in Sources */ = {isa = PBXBuildFile; fileRef = 78958277298F376900E12A54 /* Arrays.swift */; };
		78D66884298848ED00AD521B /* ShopCollectionViewController.swift in Sources */ = {isa = PBXBuildFile; fileRef = 78D66883298848ED00AD521B /* ShopCollectionViewController.swift */; };
		78D668882988518B00AD521B /* ShopCell.swift in Sources */ = {isa = PBXBuildFile; fileRef = 78D668872988518B00AD521B /* ShopCell.swift */; };
		78E5AA05298581F600695C39 /* InventoryViewController.swift in Sources */ = {isa = PBXBuildFile; fileRef = 78E5AA04298581F600695C39 /* InventoryViewController.swift */; };
		78E5AA072985820500695C39 /* SettingsViewController.swift in Sources */ = {isa = PBXBuildFile; fileRef = 78E5AA062985820500695C39 /* SettingsViewController.swift */; };
		78E9B55C2975F4D70027533D /* AppDelegate.swift in Sources */ = {isa = PBXBuildFile; fileRef = 78E9B55B2975F4D70027533D /* AppDelegate.swift */; };
		78E9B55E2975F4D70027533D /* SceneDelegate.swift in Sources */ = {isa = PBXBuildFile; fileRef = 78E9B55D2975F4D70027533D /* SceneDelegate.swift */; };
		78E9B5602975F4D70027533D /* ViewController.swift in Sources */ = {isa = PBXBuildFile; fileRef = 78E9B55F2975F4D70027533D /* ViewController.swift */; };
		78E9B5632975F4D70027533D /* Main.storyboard in Resources */ = {isa = PBXBuildFile; fileRef = 78E9B5612975F4D70027533D /* Main.storyboard */; };
		78E9B5652975F4D80027533D /* Assets.xcassets in Resources */ = {isa = PBXBuildFile; fileRef = 78E9B5642975F4D80027533D /* Assets.xcassets */; };
		78E9B5682975F4D80027533D /* LaunchScreen.storyboard in Resources */ = {isa = PBXBuildFile; fileRef = 78E9B5662975F4D80027533D /* LaunchScreen.storyboard */; };
/* End PBXBuildFile section */

/* Begin PBXFileReference section */
		789296A82989C96A0053CE02 /* DetailShopViewController.swift */ = {isa = PBXFileReference; lastKnownFileType = sourcecode.swift; path = DetailShopViewController.swift; sourceTree = "<group>"; };
		7895825D298BF33A00E12A54 /* Structs.swift */ = {isa = PBXFileReference; lastKnownFileType = sourcecode.swift; path = Structs.swift; sourceTree = "<group>"; };
		7895825F298BF34E00E12A54 /* Enums.swift */ = {isa = PBXFileReference; lastKnownFileType = sourcecode.swift; path = Enums.swift; sourceTree = "<group>"; };
		78958261298EF8F400E12A54 /* Var's.swift */ = {isa = PBXFileReference; lastKnownFileType = sourcecode.swift; path = "Var's.swift"; sourceTree = "<group>"; };
		78958268298F091000E12A54 /* Sounds.swift */ = {isa = PBXFileReference; lastKnownFileType = sourcecode.swift; path = Sounds.swift; sourceTree = "<group>"; };
		7895826A298F0A1F00E12A54 /* flip.mp3 */ = {isa = PBXFileReference; lastKnownFileType = audio.mp3; name = flip.mp3; path = Sounds/flip.mp3; sourceTree = SOURCE_ROOT; };
		78958270298F0DA200E12A54 /* match.mp3 */ = {isa = PBXFileReference; lastKnownFileType = audio.mp3; path = match.mp3; sourceTree = "<group>"; };
		78958272298F114D00E12A54 /* menu.mp3 */ = {isa = PBXFileReference; lastKnownFileType = audio.mp3; path = menu.mp3; sourceTree = "<group>"; };
		78958274298F11F600E12A54 /* error.mp3 */ = {isa = PBXFileReference; lastKnownFileType = audio.mp3; path = error.mp3; sourceTree = "<group>"; };
		78958277298F376900E12A54 /* Arrays.swift */ = {isa = PBXFileReference; lastKnownFileType = sourcecode.swift; path = Arrays.swift; sourceTree = "<group>"; };
		78D66883298848ED00AD521B /* ShopCollectionViewController.swift */ = {isa = PBXFileReference; lastKnownFileType = sourcecode.swift; path = ShopCollectionViewController.swift; sourceTree = "<group>"; };
		78D668872988518B00AD521B /* ShopCell.swift */ = {isa = PBXFileReference; lastKnownFileType = sourcecode.swift; path = ShopCell.swift; sourceTree = "<group>"; };
		78E5AA04298581F600695C39 /* InventoryViewController.swift */ = {isa = PBXFileReference; lastKnownFileType = sourcecode.swift; path = InventoryViewController.swift; sourceTree = "<group>"; };
		78E5AA062985820500695C39 /* SettingsViewController.swift */ = {isa = PBXFileReference; lastKnownFileType = sourcecode.swift; path = SettingsViewController.swift; sourceTree = "<group>"; };
		78E9B5582975F4D70027533D /* One Piece Card Game.app */ = {isa = PBXFileReference; explicitFileType = wrapper.application; includeInIndex = 0; path = "One Piece Card Game.app"; sourceTree = BUILT_PRODUCTS_DIR; };
		78E9B55B2975F4D70027533D /* AppDelegate.swift */ = {isa = PBXFileReference; lastKnownFileType = sourcecode.swift; path = AppDelegate.swift; sourceTree = "<group>"; };
		78E9B55D2975F4D70027533D /* SceneDelegate.swift */ = {isa = PBXFileReference; lastKnownFileType = sourcecode.swift; path = SceneDelegate.swift; sourceTree = "<group>"; };
		78E9B55F2975F4D70027533D /* ViewController.swift */ = {isa = PBXFileReference; lastKnownFileType = sourcecode.swift; path = ViewController.swift; sourceTree = "<group>"; };
		78E9B5622975F4D70027533D /* Base */ = {isa = PBXFileReference; lastKnownFileType = file.storyboard; name = Base; path = Base.lproj/Main.storyboard; sourceTree = "<group>"; };
		78E9B5642975F4D80027533D /* Assets.xcassets */ = {isa = PBXFileReference; lastKnownFileType = folder.assetcatalog; path = Assets.xcassets; sourceTree = "<group>"; };
		78E9B5672975F4D80027533D /* Base */ = {isa = PBXFileReference; lastKnownFileType = file.storyboard; name = Base; path = Base.lproj/LaunchScreen.storyboard; sourceTree = "<group>"; };
		78E9B5692975F4D80027533D /* Info.plist */ = {isa = PBXFileReference; lastKnownFileType = text.plist.xml; path = Info.plist; sourceTree = "<group>"; };
/* End PBXFileReference section */

/* Begin PBXFrameworksBuildPhase section */
		78E9B5552975F4D70027533D /* Frameworks */ = {
			isa = PBXFrameworksBuildPhase;
			buildActionMask = 2147483647;
			files = (
			);
			runOnlyForDeploymentPostprocessing = 0;
		};
/* End PBXFrameworksBuildPhase section */

/* Begin PBXGroup section */
		7895825C298BF30900E12A54 /* Models */ = {
			isa = PBXGroup;
			children = (
				7895825D298BF33A00E12A54 /* Structs.swift */,
				7895825F298BF34E00E12A54 /* Enums.swift */,
				78958261298EF8F400E12A54 /* Var's.swift */,
				78958268298F091000E12A54 /* Sounds.swift */,
				78958277298F376900E12A54 /* Arrays.swift */,
			);
			path = Models;
			sourceTree = "<group>";
		};
		78958265298F048E00E12A54 /* Sounds */ = {
			isa = PBXGroup;
			children = (
				78958270298F0DA200E12A54 /* match.mp3 */,
				78958274298F11F600E12A54 /* error.mp3 */,
				78958272298F114D00E12A54 /* menu.mp3 */,
				7895826A298F0A1F00E12A54 /* flip.mp3 */,
			);
			path = Sounds;
			sourceTree = "<group>";
		};
		78E5AA012985813D00695C39 /* Controllers */ = {
			isa = PBXGroup;
			children = (
				78E9B55F2975F4D70027533D /* ViewController.swift */,
				78E5AA04298581F600695C39 /* InventoryViewController.swift */,
				78E5AA062985820500695C39 /* SettingsViewController.swift */,
				78D66883298848ED00AD521B /* ShopCollectionViewController.swift */,
				78D668872988518B00AD521B /* ShopCell.swift */,
				789296A82989C96A0053CE02 /* DetailShopViewController.swift */,
			);
			path = Controllers;
			sourceTree = "<group>";
		};
		78E9B54F2975F4D70027533D = {
			isa = PBXGroup;
			children = (
				78E9B55A2975F4D70027533D /* One Piece Card Game */,
				78E9B5592975F4D70027533D /* Products */,
			);
			sourceTree = "<group>";
		};
		78E9B5592975F4D70027533D /* Products */ = {
			isa = PBXGroup;
			children = (
				78E9B5582975F4D70027533D /* One Piece Card Game.app */,
			);
			name = Products;
			sourceTree = "<group>";
		};
		78E9B55A2975F4D70027533D /* One Piece Card Game */ = {
			isa = PBXGroup;
			children = (
				78E9B55B2975F4D70027533D /* AppDelegate.swift */,
				78E9B55D2975F4D70027533D /* SceneDelegate.swift */,
				78E5AA012985813D00695C39 /* Controllers */,
				7895825C298BF30900E12A54 /* Models */,
				78958265298F048E00E12A54 /* Sounds */,
				78E9B5612975F4D70027533D /* Main.storyboard */,
				78E9B5642975F4D80027533D /* Assets.xcassets */,
				78E9B5662975F4D80027533D /* LaunchScreen.storyboard */,
				78E9B5692975F4D80027533D /* Info.plist */,
			);
			path = "One Piece Card Game";
			sourceTree = "<group>";
		};
/* End PBXGroup section */

/* Begin PBXNativeTarget section */
		78E9B5572975F4D70027533D /* One Piece Card Game */ = {
			isa = PBXNativeTarget;
			buildConfigurationList = 78E9B56C2975F4D80027533D /* Build configuration list for PBXNativeTarget "One Piece Card Game" */;
			buildPhases = (
				78E9B5542975F4D70027533D /* Sources */,
				78E9B5552975F4D70027533D /* Frameworks */,
				78E9B5562975F4D70027533D /* Resources */,
			);
			buildRules = (
			);
			dependencies = (
			);
			name = "One Piece Card Game";
			productName = "One Piece Card Game";
			productReference = 78E9B5582975F4D70027533D /* One Piece Card Game.app */;
			productType = "com.apple.product-type.application";
		};
/* End PBXNativeTarget section */

/* Begin PBXProject section */
		78E9B5502975F4D70027533D /* Project object */ = {
			isa = PBXProject;
			attributes = {
				BuildIndependentTargetsInParallel = 1;
				LastSwiftUpdateCheck = 1420;
				LastUpgradeCheck = 1420;
				TargetAttributes = {
					78E9B5572975F4D70027533D = {
						CreatedOnToolsVersion = 14.2;
					};
				};
			};
			buildConfigurationList = 78E9B5532975F4D70027533D /* Build configuration list for PBXProject "One Piece Card Game" */;
			compatibilityVersion = "Xcode 14.0";
			developmentRegion = en;
			hasScannedForEncodings = 0;
			knownRegions = (
				en,
				Base,
			);
			mainGroup = 78E9B54F2975F4D70027533D;
			productRefGroup = 78E9B5592975F4D70027533D /* Products */;
			projectDirPath = "";
			projectRoot = "";
			targets = (
				78E9B5572975F4D70027533D /* One Piece Card Game */,
			);
		};
/* End PBXProject section */

/* Begin PBXResourcesBuildPhase section */
		78E9B5562975F4D70027533D /* Resources */ = {
			isa = PBXResourcesBuildPhase;
			buildActionMask = 2147483647;
			files = (
				78958271298F0DA200E12A54 /* match.mp3 in Resources */,
				78E9B5682975F4D80027533D /* LaunchScreen.storyboard in Resources */,
				7895826B298F0A1F00E12A54 /* flip.mp3 in Resources */,
				78E9B5652975F4D80027533D /* Assets.xcassets in Resources */,
				78E9B5632975F4D70027533D /* Main.storyboard in Resources */,
				78958275298F11F600E12A54 /* error.mp3 in Resources */,
				78958273298F114D00E12A54 /* menu.mp3 in Resources */,
			);
			runOnlyForDeploymentPostprocessing = 0;
		};
/* End PBXResourcesBuildPhase section */

/* Begin PBXSourcesBuildPhase section */
		78E9B5542975F4D70027533D /* Sources */ = {
			isa = PBXSourcesBuildPhase;
			buildActionMask = 2147483647;
			files = (
				78958262298EF8F400E12A54 /* Var's.swift in Sources */,
				7895825E298BF33A00E12A54 /* Structs.swift in Sources */,
				78D66884298848ED00AD521B /* ShopCollectionViewController.swift in Sources */,
				78958269298F091000E12A54 /* Sounds.swift in Sources */,
				78958260298BF34E00E12A54 /* Enums.swift in Sources */,
				78E9B5602975F4D70027533D /* ViewController.swift in Sources */,
				78D668882988518B00AD521B /* ShopCell.swift in Sources */,
				78E5AA05298581F600695C39 /* InventoryViewController.swift in Sources */,
				78E9B55C2975F4D70027533D /* AppDelegate.swift in Sources */,
				789296A92989C96A0053CE02 /* DetailShopViewController.swift in Sources */,
				78E9B55E2975F4D70027533D /* SceneDelegate.swift in Sources */,
				78958278298F376900E12A54 /* Arrays.swift in Sources */,
				78E5AA072985820500695C39 /* SettingsViewController.swift in Sources */,
			);
			runOnlyForDeploymentPostprocessing = 0;
		};
/* End PBXSourcesBuildPhase section */

/* Begin PBXVariantGroup section */
		78E9B5612975F4D70027533D /* Main.storyboard */ = {
			isa = PBXVariantGroup;
			children = (
				78E9B5622975F4D70027533D /* Base */,
			);
			name = Main.storyboard;
			sourceTree = "<group>";
		};
		78E9B5662975F4D80027533D /* LaunchScreen.storyboard */ = {
			isa = PBXVariantGroup;
			children = (
				78E9B5672975F4D80027533D /* Base */,
			);
			name = LaunchScreen.storyboard;
			sourceTree = "<group>";
		};
/* End PBXVariantGroup section */

/* Begin XCBuildConfiguration section */
		78E9B56A2975F4D80027533D /* Debug */ = {
			isa = XCBuildConfiguration;
			buildSettings = {
				ALWAYS_SEARCH_USER_PATHS = NO;
				CLANG_ANALYZER_NONNULL = YES;
				CLANG_ANALYZER_NUMBER_OBJECT_CONVERSION = YES_AGGRESSIVE;
				CLANG_CXX_LANGUAGE_STANDARD = "gnu++20";
				CLANG_ENABLE_MODULES = YES;
				CLANG_ENABLE_OBJC_ARC = YES;
				CLANG_ENABLE_OBJC_WEAK = YES;
				CLANG_WARN_BLOCK_CAPTURE_AUTORELEASING = YES;
				CLANG_WARN_BOOL_CONVERSION = YES;
				CLANG_WARN_COMMA = YES;
				CLANG_WARN_CONSTANT_CONVERSION = YES;
				CLANG_WARN_DEPRECATED_OBJC_IMPLEMENTATIONS = YES;
				CLANG_WARN_DIRECT_OBJC_ISA_USAGE = YES_ERROR;
				CLANG_WARN_DOCUMENTATION_COMMENTS = YES;
				CLANG_WARN_EMPTY_BODY = YES;
				CLANG_WARN_ENUM_CONVERSION = YES;
				CLANG_WARN_INFINITE_RECURSION = YES;
				CLANG_WARN_INT_CONVERSION = YES;
				CLANG_WARN_NON_LITERAL_NULL_CONVERSION = YES;
				CLANG_WARN_OBJC_IMPLICIT_RETAIN_SELF = YES;
				CLANG_WARN_OBJC_LITERAL_CONVERSION = YES;
				CLANG_WARN_OBJC_ROOT_CLASS = YES_ERROR;
				CLANG_WARN_QUOTED_INCLUDE_IN_FRAMEWORK_HEADER = YES;
				CLANG_WARN_RANGE_LOOP_ANALYSIS = YES;
				CLANG_WARN_STRICT_PROTOTYPES = YES;
				CLANG_WARN_SUSPICIOUS_MOVE = YES;
				CLANG_WARN_UNGUARDED_AVAILABILITY = YES_AGGRESSIVE;
				CLANG_WARN_UNREACHABLE_CODE = YES;
				CLANG_WARN__DUPLICATE_METHOD_MATCH = YES;
				COPY_PHASE_STRIP = NO;
				DEBUG_INFORMATION_FORMAT = dwarf;
				ENABLE_STRICT_OBJC_MSGSEND = YES;
				ENABLE_TESTABILITY = YES;
				GCC_C_LANGUAGE_STANDARD = gnu11;
				GCC_DYNAMIC_NO_PIC = NO;
				GCC_NO_COMMON_BLOCKS = YES;
				GCC_OPTIMIZATION_LEVEL = 0;
				GCC_PREPROCESSOR_DEFINITIONS = (
					"DEBUG=1",
					"$(inherited)",
				);
				GCC_WARN_64_TO_32_BIT_CONVERSION = YES;
				GCC_WARN_ABOUT_RETURN_TYPE = YES_ERROR;
				GCC_WARN_UNDECLARED_SELECTOR = YES;
				GCC_WARN_UNINITIALIZED_AUTOS = YES_AGGRESSIVE;
				GCC_WARN_UNUSED_FUNCTION = YES;
				GCC_WARN_UNUSED_VARIABLE = YES;
				IPHONEOS_DEPLOYMENT_TARGET = 16.2;
				MTL_ENABLE_DEBUG_INFO = INCLUDE_SOURCE;
				MTL_FAST_MATH = YES;
				ONLY_ACTIVE_ARCH = YES;
				SDKROOT = iphoneos;
				SWIFT_ACTIVE_COMPILATION_CONDITIONS = DEBUG;
				SWIFT_OPTIMIZATION_LEVEL = "-Onone";
			};
			name = Debug;
		};
		78E9B56B2975F4D80027533D /* Release */ = {
			isa = XCBuildConfiguration;
			buildSettings = {
				ALWAYS_SEARCH_USER_PATHS = NO;
				CLANG_ANALYZER_NONNULL = YES;
				CLANG_ANALYZER_NUMBER_OBJECT_CONVERSION = YES_AGGRESSIVE;
				CLANG_CXX_LANGUAGE_STANDARD = "gnu++20";
				CLANG_ENABLE_MODULES = YES;
				CLANG_ENABLE_OBJC_ARC = YES;
				CLANG_ENABLE_OBJC_WEAK = YES;
				CLANG_WARN_BLOCK_CAPTURE_AUTORELEASING = YES;
				CLANG_WARN_BOOL_CONVERSION = YES;
				CLANG_WARN_COMMA = YES;
				CLANG_WARN_CONSTANT_CONVERSION = YES;
				CLANG_WARN_DEPRECATED_OBJC_IMPLEMENTATIONS = YES;
				CLANG_WARN_DIRECT_OBJC_ISA_USAGE = YES_ERROR;
				CLANG_WARN_DOCUMENTATION_COMMENTS = YES;
				CLANG_WARN_EMPTY_BODY = YES;
				CLANG_WARN_ENUM_CONVERSION = YES;
				CLANG_WARN_INFINITE_RECURSION = YES;
				CLANG_WARN_INT_CONVERSION = YES;
				CLANG_WARN_NON_LITERAL_NULL_CONVERSION = YES;
				CLANG_WARN_OBJC_IMPLICIT_RETAIN_SELF = YES;
				CLANG_WARN_OBJC_LITERAL_CONVERSION = YES;
				CLANG_WARN_OBJC_ROOT_CLASS = YES_ERROR;
				CLANG_WARN_QUOTED_INCLUDE_IN_FRAMEWORK_HEADER = YES;
				CLANG_WARN_RANGE_LOOP_ANALYSIS = YES;
				CLANG_WARN_STRICT_PROTOTYPES = YES;
				CLANG_WARN_SUSPICIOUS_MOVE = YES;
				CLANG_WARN_UNGUARDED_AVAILABILITY = YES_AGGRESSIVE;
				CLANG_WARN_UNREACHABLE_CODE = YES;
				CLANG_WARN__DUPLICATE_METHOD_MATCH = YES;
				COPY_PHASE_STRIP = NO;
				DEBUG_INFORMATION_FORMAT = "dwarf-with-dsym";
				ENABLE_NS_ASSERTIONS = NO;
				ENABLE_STRICT_OBJC_MSGSEND = YES;
				GCC_C_LANGUAGE_STANDARD = gnu11;
				GCC_NO_COMMON_BLOCKS = YES;
				GCC_WARN_64_TO_32_BIT_CONVERSION = YES;
				GCC_WARN_ABOUT_RETURN_TYPE = YES_ERROR;
				GCC_WARN_UNDECLARED_SELECTOR = YES;
				GCC_WARN_UNINITIALIZED_AUTOS = YES_AGGRESSIVE;
				GCC_WARN_UNUSED_FUNCTION = YES;
				GCC_WARN_UNUSED_VARIABLE = YES;
				IPHONEOS_DEPLOYMENT_TARGET = 16.2;
				MTL_ENABLE_DEBUG_INFO = NO;
				MTL_FAST_MATH = YES;
				SDKROOT = iphoneos;
				SWIFT_COMPILATION_MODE = wholemodule;
				SWIFT_OPTIMIZATION_LEVEL = "-O";
				VALIDATE_PRODUCT = YES;
			};
			name = Release;
		};
		78E9B56D2975F4D80027533D /* Debug */ = {
			isa = XCBuildConfiguration;
			buildSettings = {
				ASSETCATALOG_COMPILER_APPICON_NAME = AppIcon;
				ASSETCATALOG_COMPILER_GLOBAL_ACCENT_COLOR_NAME = AccentColor;
				CODE_SIGN_STYLE = Automatic;
				CURRENT_PROJECT_VERSION = 1;
				DEVELOPMENT_TEAM = AQPM435HZ6;
				GENERATE_INFOPLIST_FILE = YES;
				INFOPLIST_FILE = "One Piece Card Game/Info.plist";
				INFOPLIST_KEY_UIApplicationSupportsIndirectInputEvents = YES;
				INFOPLIST_KEY_UILaunchStoryboardName = LaunchScreen;
				INFOPLIST_KEY_UIMainStoryboardFile = Main;
				INFOPLIST_KEY_UISupportedInterfaceOrientations_iPad = "UIInterfaceOrientationPortrait UIInterfaceOrientationPortraitUpsideDown UIInterfaceOrientationLandscapeLeft UIInterfaceOrientationLandscapeRight";
				INFOPLIST_KEY_UISupportedInterfaceOrientations_iPhone = "UIInterfaceOrientationPortrait UIInterfaceOrientationLandscapeLeft UIInterfaceOrientationLandscapeRight";
				LD_RUNPATH_SEARCH_PATHS = (
					"$(inherited)",
					"@executable_path/Frameworks",
				);
				MARKETING_VERSION = 1.0;
				PRODUCT_BUNDLE_IDENTIFIER = "com.example.One-Piece-Card-Game";
				PRODUCT_NAME = "$(TARGET_NAME)";
				SWIFT_EMIT_LOC_STRINGS = YES;
				SWIFT_VERSION = 5.0;
				TARGETED_DEVICE_FAMILY = "1,2";
			};
			name = Debug;
		};
		78E9B56E2975F4D80027533D /* Release */ = {
			isa = XCBuildConfiguration;
			buildSettings = {
				ASSETCATALOG_COMPILER_APPICON_NAME = AppIcon;
				ASSETCATALOG_COMPILER_GLOBAL_ACCENT_COLOR_NAME = AccentColor;
				CODE_SIGN_STYLE = Automatic;
				CURRENT_PROJECT_VERSION = 1;
				DEVELOPMENT_TEAM = AQPM435HZ6;
				GENERATE_INFOPLIST_FILE = YES;
				INFOPLIST_FILE = "One Piece Card Game/Info.plist";
				INFOPLIST_KEY_UIApplicationSupportsIndirectInputEvents = YES;
				INFOPLIST_KEY_UILaunchStoryboardName = LaunchScreen;
				INFOPLIST_KEY_UIMainStoryboardFile = Main;
				INFOPLIST_KEY_UISupportedInterfaceOrientations_iPad = "UIInterfaceOrientationPortrait UIInterfaceOrientationPortraitUpsideDown UIInterfaceOrientationLandscapeLeft UIInterfaceOrientationLandscapeRight";
				INFOPLIST_KEY_UISupportedInterfaceOrientations_iPhone = "UIInterfaceOrientationPortrait UIInterfaceOrientationLandscapeLeft UIInterfaceOrientationLandscapeRight";
				LD_RUNPATH_SEARCH_PATHS = (
					"$(inherited)",
					"@executable_path/Frameworks",
				);
				MARKETING_VERSION = 1.0;
				PRODUCT_BUNDLE_IDENTIFIER = "com.example.One-Piece-Card-Game";
				PRODUCT_NAME = "$(TARGET_NAME)";
				SWIFT_EMIT_LOC_STRINGS = YES;
				SWIFT_VERSION = 5.0;
				TARGETED_DEVICE_FAMILY = "1,2";
			};
			name = Release;
		};
/* End XCBuildConfiguration section */

/* Begin XCConfigurationList section */
		78E9B5532975F4D70027533D /* Build configuration list for PBXProject "One Piece Card Game" */ = {
			isa = XCConfigurationList;
			buildConfigurations = (
				78E9B56A2975F4D80027533D /* Debug */,
				78E9B56B2975F4D80027533D /* Release */,
			);
			defaultConfigurationIsVisible = 0;
			defaultConfigurationName = Release;
		};
		78E9B56C2975F4D80027533D /* Build configuration list for PBXNativeTarget "One Piece Card Game" */ = {
			isa = XCConfigurationList;
			buildConfigurations = (
				78E9B56D2975F4D80027533D /* Debug */,
				78E9B56E2975F4D80027533D /* Release */,
			);
			defaultConfigurationIsVisible = 0;
			defaultConfigurationName = Release;
		};
/* End XCConfigurationList section */
	};
	rootObject = 78E9B5502975F4D70027533D /* Project object */;
}
